
Microsoft Visual Studio Solution File, Format Version 12.00
# Visual Studio Version 16
VisualStudioVersion = 16.0.30503.244
MinimumVisualStudioVersion = 10.0.40219.1
Project("{9A19103F-16F7-4668-BE54-9A1E7A4F7556}") = "DefectTracker.Web", "DefectTracker.Web\DefectTracker.Web.csproj", "{A4B69463-6B4C-4E09-859B-A7BEA2DF2366}"
EndProject
Project("{00D1A9C2-B5F0-4AF3-8072-F6C62B433612}") = "DefectTracker.Database", "DefectTracker.Database\DefectTracker.Database.sqlproj", "{BFA977F3-07DD-44C9-B2E4-05932468839F}"
EndProject
Project("{9A19103F-16F7-4668-BE54-9A1E7A4F7556}") = "DefectTracker.DataAccess", "DefectTracker.DataAccess\DefectTracker.DataAccess.csproj", "{9A239E1C-206B-41F3-BBCC-26172361D39F}"
EndProject
Project("{9A19103F-16F7-4668-BE54-9A1E7A4F7556}") = "DefectTracker.Core", "DefectTracker.Core\DefectTracker.Core.csproj", "{B18D0622-DF34-405D-8536-6EE69ECFA381}"
EndProject
Global
	GlobalSection(SolutionConfigurationPlatforms) = preSolution
		Debug|Any CPU = Debug|Any CPU
		Release|Any CPU = Release|Any CPU
	EndGlobalSection
	GlobalSection(ProjectConfigurationPlatforms) = postSolution
		{A4B69463-6B4C-4E09-859B-A7BEA2DF2366}.Debug|Any CPU.ActiveCfg = Debug|Any CPU
		{A4B69463-6B4C-4E09-859B-A7BEA2DF2366}.Debug|Any CPU.Build.0 = Debug|Any CPU
		{A4B69463-6B4C-4E09-859B-A7BEA2DF2366}.Release|Any CPU.ActiveCfg = Release|Any CPU
		{A4B69463-6B4C-4E09-859B-A7BEA2DF2366}.Release|Any CPU.Build.0 = Release|Any CPU
		{BFA977F3-07DD-44C9-B2E4-05932468839F}.Debug|Any CPU.ActiveCfg = Debug|Any CPU
		{BFA977F3-07DD-44C9-B2E4-05932468839F}.Debug|Any CPU.Build.0 = Debug|Any CPU
		{BFA977F3-07DD-44C9-B2E4-05932468839F}.Debug|Any CPU.Deploy.0 = Debug|Any CPU
		{BFA977F3-07DD-44C9-B2E4-05932468839F}.Release|Any CPU.ActiveCfg = Release|Any CPU
		{BFA977F3-07DD-44C9-B2E4-05932468839F}.Release|Any CPU.Build.0 = Release|Any CPU
		{BFA977F3-07DD-44C9-B2E4-05932468839F}.Release|Any CPU.Deploy.0 = Release|Any CPU
		{9A239E1C-206B-41F3-BBCC-26172361D39F}.Debug|Any CPU.ActiveCfg = Debug|Any CPU
		{9A239E1C-206B-41F3-BBCC-26172361D39F}.Debug|Any CPU.Build.0 = Debug|Any CPU
		{9A239E1C-206B-41F3-BBCC-26172361D39F}.Release|Any CPU.ActiveCfg = Release|Any CPU
		{9A239E1C-206B-41F3-BBCC-26172361D39F}.Release|Any CPU.Build.0 = Release|Any CPU
		{B18D0622-DF34-405D-8536-6EE69ECFA381}.Debug|Any CPU.ActiveCfg = Debug|Any CPU
		{B18D0622-DF34-405D-8536-6EE69ECFA381}.Debug|Any CPU.Build.0 = Debug|Any CPU
		{B18D0622-DF34-405D-8536-6EE69ECFA381}.Release|Any CPU.ActiveCfg = Release|Any CPU
		{B18D0622-DF34-405D-8536-6EE69ECFA381}.Release|Any CPU.Build.0 = Release|Any CPU
	EndGlobalSection
	GlobalSection(SolutionProperties) = preSolution
		HideSolutionNode = FALSE
	EndGlobalSection
	GlobalSection(ExtensibilityGlobals) = postSolution
		SolutionGuid = {1C767566-2112-43E7-89B6-11607AF36A68}
	EndGlobalSection
EndGlobal
